# THIS IS AN AUTOGENERATED FILE. DO NOT EDIT THIS FILE DIRECTLY.
# yarn lockfile v1


busboy@^0.3.1:
  version "0.3.1"
  resolved "https://registry.yarnpkg.com/busboy/-/busboy-0.3.1.tgz#170899274c5bf38aae27d5c62b71268cd585fd1b"
  integrity sha512-y7tTxhGKXcyBxRKAni+awqx8uqaJKrSFSNFSeRG5CsWNdmy2BIK+6VGWEW7TZnIO/533mtMEA4rOevQV815YJw==
  dependencies:
    dicer "0.3.0"

dicer@0.3.0:
  version "0.3.0"
  resolved "https://registry.yarnpkg.com/dicer/-/dicer-0.3.0.tgz#eacd98b3bfbf92e8ab5c2fdb71aaac44bb06b872"
  integrity sha512-MdceRRWqltEG2dZqO769g27N/3PXfcKl04VhYnBlo2YhH7zPi88VebsjTKclaOyiuMaGU72hTfw3VkUitGcVCA==
  dependencies:
    streamsearch "0.1.2"

express-fileupload@^1.1.7-alpha.4:
  version "1.1.7-alpha.4"
  resolved "https://registry.yarnpkg.com/express-fileupload/-/express-fileupload-1.1.7-alpha.4.tgz#c87dcb7880fe2e5a1d15ea97a225719c5ac0a30d"
  integrity sha512-uNl/TB3adUH25cDRp1gDoXQ38SdIZXOAVzC54G/xnOAa4M3maBWiZTVz39cnoQ7TXhmYXYpnOfMDMbqSelXFmQ==
  dependencies:
    busboy "^0.3.1"

express-validator@^6.6.0:
  version "6.6.0"
  resolved "https://registry.yarnpkg.com/express-validator/-/express-validator-6.6.0.tgz#46b8327926e9b1752f9823ee0631e534b6ac41e8"
  integrity sha512-xcephfzFbUssJph/nOSKIdx+I+8GRz5by/8rOIKL6gJikKKKJjnwYH5TG1nIDB6kEalUtZMbOFuSNOp/HHY84Q==
  dependencies:
    lodash "^4.17.15"
    validator "^13.1.1"

lodash@^4.17.15:
  version "4.17.19"
  resolved "https://registry.yarnpkg.com/lodash/-/lodash-4.17.19.tgz#e48ddedbe30b3321783c5b4301fbd353bc1e4a4b"
  integrity sha512-JNvd8XER9GQX0v2qJgsaN/mzFCNA5BRe/j8JN9d+tWyGLSodKQHKFicdwNYzWwI3wjRnaKPsGj1XkBjx/F96DQ==

streamsearch@0.1.2:
  version "0.1.2"
  resolved "https://registry.yarnpkg.com/streamsearch/-/streamsearch-0.1.2.tgz#808b9d0e56fc273d809ba57338e929919a1a9f1a"
  integrity sha1-gIudDlb8Jz2Am6VzOOkpkZoanxo=

validator@^13.1.1:
  version "13.1.1"
  resolved "https://registry.yarnpkg.com/validator/-/validator-13.1.1.tgz#f8811368473d2173a9d8611572b58c5783f223bf"
  integrity sha512-8GfPiwzzRoWTg7OV1zva1KvrSemuMkv07MA9TTl91hfhe+wKrsrgVN4H2QSFd/U/FhiU3iWPYVgvbsOGwhyFWw==
